
Microsoft Visual Studio Solution File, Format Version 12.00
# Visual Studio Version 17
VisualStudioVersion = 17.8.34330.188
MinimumVisualStudioVersion = 10.0.40219.1
Project("{FAE04EC0-301F-11D3-BF4B-00C04F79EFBC}") = "StudentAdministrasjonsSystem", "StudentAdministrasjonsSystem\StudentAdministrasjonsSystem.csproj", "{3053B090-F6C1-4F8E-B279-0F5223F9BDF5}"
EndProject
Global
	GlobalSection(SolutionConfigurationPlatforms) = preSolution
		Debug|Any CPU = Debug|Any CPU
		Release|Any CPU = Release|Any CPU
	EndGlobalSection
	GlobalSection(ProjectConfigurationPlatforms) = postSolution
		{3053B090-F6C1-4F8E-B279-0F5223F9BDF5}.Debug|Any CPU.ActiveCfg = Debug|Any CPU
		{3053B090-F6C1-4F8E-B279-0F5223F9BDF5}.Debug|Any CPU.Build.0 = Debug|Any CPU
		{3053B090-F6C1-4F8E-B279-0F5223F9BDF5}.Release|Any CPU.ActiveCfg = Release|Any CPU
		{3053B090-F6C1-4F8E-B279-0F5223F9BDF5}.Release|Any CPU.Build.0 = Release|Any CPU
	EndGlobalSection
	GlobalSection(SolutionProperties) = preSolution
		HideSolutionNode = FALSE
	EndGlobalSection
	GlobalSection(ExtensibilityGlobals) = postSolution
		SolutionGuid = {0D2C1554-9374-48AA-A1B5-974DC0844DBF}
	EndGlobalSection
EndGlobal
